
Microsoft Visual Studio Solution File, Format Version 12.00
# Visual Studio Version 16
VisualStudioVersion = 16.0.31424.327
MinimumVisualStudioVersion = 10.0.40219.1
Project("{AA6C8D78-22FF-423A-9C7C-5F2393824E04}") = "XSharpExamples", "Src\XSharpExamples.xsproj", "{94DB2986-6881-4F5E-ABDD-AF04C4584DBB}"
EndProject
Project("{2150E333-8FDC-42A3-9474-1A3956D46DE8}") = "Documentation", "Documentation", "{6F3D66FE-A186-4588-B570-51A60276F1A6}"
	ProjectSection(SolutionItems) = preProject
		README.md = README.md
	EndProjectSection
EndProject
Global
	GlobalSection(SolutionConfigurationPlatforms) = preSolution
		Debug|Any CPU = Debug|Any CPU
		Release|Any CPU = Release|Any CPU
	EndGlobalSection
	GlobalSection(ProjectConfigurationPlatforms) = postSolution
		{94DB2986-6881-4F5E-ABDD-AF04C4584DBB}.Debug|Any CPU.ActiveCfg = Debug|Any CPU
		{94DB2986-6881-4F5E-ABDD-AF04C4584DBB}.Debug|Any CPU.Build.0 = Debug|Any CPU
		{94DB2986-6881-4F5E-ABDD-AF04C4584DBB}.Release|Any CPU.ActiveCfg = Release|Any CPU
		{94DB2986-6881-4F5E-ABDD-AF04C4584DBB}.Release|Any CPU.Build.0 = Release|Any CPU
	EndGlobalSection
	GlobalSection(SolutionProperties) = preSolution
		HideSolutionNode = FALSE
	EndGlobalSection
	GlobalSection(ExtensibilityGlobals) = postSolution
		SolutionGuid = {825B3A34-94FB-44BA-B5D2-5D5863FFE4E8}
	EndGlobalSection
EndGlobal
